
Microsoft Visual Studio Solution File, Format Version 12.00
# Visual Studio Version 16
VisualStudioVersion = 16.0.31005.135
MinimumVisualStudioVersion = 10.0.40219.1
Project("{00D1A9C2-B5F0-4AF3-8072-F6C62B433612}") = "HotelAppDB", "HotelAppDB\HotelAppDB.sqlproj", "{F73DF82D-F54F-45FA-A7E2-377D41FFBEFA}"
EndProject
Project("{FAE04EC0-301F-11D3-BF4B-00C04F79EFBC}") = "HotelAppLibrary", "HotelAppLibrary\HotelAppLibrary.csproj", "{7300B2F8-FF4E-4713-819B-0FD0BBCDFE7B}"
EndProject
Global
	GlobalSection(SolutionConfigurationPlatforms) = preSolution
		Debug|Any CPU = Debug|Any CPU
		Release|Any CPU = Release|Any CPU
	EndGlobalSection
	GlobalSection(ProjectConfigurationPlatforms) = postSolution
		{F73DF82D-F54F-45FA-A7E2-377D41FFBEFA}.Debug|Any CPU.ActiveCfg = Debug|Any CPU
		{F73DF82D-F54F-45FA-A7E2-377D41FFBEFA}.Debug|Any CPU.Build.0 = Debug|Any CPU
		{F73DF82D-F54F-45FA-A7E2-377D41FFBEFA}.Debug|Any CPU.Deploy.0 = Debug|Any CPU
		{F73DF82D-F54F-45FA-A7E2-377D41FFBEFA}.Release|Any CPU.ActiveCfg = Release|Any CPU
		{F73DF82D-F54F-45FA-A7E2-377D41FFBEFA}.Release|Any CPU.Build.0 = Release|Any CPU
		{F73DF82D-F54F-45FA-A7E2-377D41FFBEFA}.Release|Any CPU.Deploy.0 = Release|Any CPU
		{7300B2F8-FF4E-4713-819B-0FD0BBCDFE7B}.Debug|Any CPU.ActiveCfg = Debug|Any CPU
		{7300B2F8-FF4E-4713-819B-0FD0BBCDFE7B}.Debug|Any CPU.Build.0 = Debug|Any CPU
		{7300B2F8-FF4E-4713-819B-0FD0BBCDFE7B}.Release|Any CPU.ActiveCfg = Release|Any CPU
		{7300B2F8-FF4E-4713-819B-0FD0BBCDFE7B}.Release|Any CPU.Build.0 = Release|Any CPU
	EndGlobalSection
	GlobalSection(SolutionProperties) = preSolution
		HideSolutionNode = FALSE
	EndGlobalSection
	GlobalSection(ExtensibilityGlobals) = postSolution
		SolutionGuid = {2BCB7C25-2889-496E-95E9-4475B1EA4305}
	EndGlobalSection
EndGlobal
